{
	"name": "@mongosh/snippet-change-stream-monitor",
	"version": "0.2.2",
	"lockfileVersion": 3,
	"requires": true,
	"packages": {
		"": {
			"name": "@mongosh/snippet-change-stream-monitor",
			"version": "0.2.1",
			"license": "MIT",
			"dependencies": {
				"boks": "^1.0.3",
				"to-tabel": "^1.0.3"
			}
		},
		"node_modules/ansi-regex": {
			"version": "5.0.1",
			"resolved": "https://registry.npmjs.org/ansi-regex/-/ansi-regex-5.0.1.tgz",
			"integrity": "sha512-quJQXlTSUGL2LH9SUXo8VwsY4soanhgo6LNSm84E1LBcE8s3O0wpdiRzyR9z/ZZJMlMWv37qOOb9pdJlMUEKFQ==",
			"license": "MIT",
			"engines": {
				"node": ">=8"
			}
		},
		"node_modules/boks": {
			"version": "1.0.3",
			"resolved": "https://registry.npmjs.org/boks/-/boks-1.0.3.tgz",
			"integrity": "sha512-rM9ftjL4Bv2ynZx/NIIV6n8uz/8ZQR1NBESrvSF972fvCchUyAbwqZSw6rytc3Nm3Rlgoxqai5KrEbWBBVSvHQ==",
			"license": "Apache-2.0",
			"engines": {
				"node": ">=10.0.0"
			}
		},
		"node_modules/to-tabel": {
			"version": "1.0.3",
			"resolved": "https://registry.npmjs.org/to-tabel/-/to-tabel-1.0.3.tgz",
			"integrity": "sha512-/FNQWQXQLoEOLUbOLhk+PTKeHlxS4dcOAlK4yXJ/tDfv+xjPssOi7IWaFBaLA3AiKeIOXqcpcoSjNXznNnzkzw==",
			"license": "Apache-2.0",
			"dependencies": {
				"ansi-regex": "^5.0.0",
				"boks": "^1.0.3"
			},
			"engines": {
				"node": ">=8.5.0"
			}
		}
	}
}
